
Microsoft Visual Studio Solution File, Format Version 12.00
# Visual Studio Version 16
VisualStudioVersion = 16.0.30320.27
MinimumVisualStudioVersion = 10.0.40219.1
Project("{FAE04EC0-301F-11D3-BF4B-00C04F79EFBC}") = "XTM3", "XTM3\XTM3.csproj", "{9920AB79-5BEF-4A29-ACC8-D6EF412B35FA}"
EndProject
Project("{FAE04EC0-301F-11D3-BF4B-00C04F79EFBC}") = "XTMCore", "XTMCore\XTMCore.csproj", "{433C7018-43F8-4E92-8918-A891F0E30484}"
EndProject
Project("{FAE04EC0-301F-11D3-BF4B-00C04F79EFBC}") = "XTMData", "XTMData\XTMData.csproj", "{2417C830-493F-40E4-96A7-8D4D9F7C644E}"
EndProject
Global
	GlobalSection(SolutionConfigurationPlatforms) = preSolution
		Debug|Any CPU = Debug|Any CPU
		Release|Any CPU = Release|Any CPU
	EndGlobalSection
	GlobalSection(ProjectConfigurationPlatforms) = postSolution
		{9920AB79-5BEF-4A29-ACC8-D6EF412B35FA}.Debug|Any CPU.ActiveCfg = Debug|Any CPU
		{9920AB79-5BEF-4A29-ACC8-D6EF412B35FA}.Debug|Any CPU.Build.0 = Debug|Any CPU
		{9920AB79-5BEF-4A29-ACC8-D6EF412B35FA}.Release|Any CPU.ActiveCfg = Release|Any CPU
		{9920AB79-5BEF-4A29-ACC8-D6EF412B35FA}.Release|Any CPU.Build.0 = Release|Any CPU
		{433C7018-43F8-4E92-8918-A891F0E30484}.Debug|Any CPU.ActiveCfg = Debug|Any CPU
		{433C7018-43F8-4E92-8918-A891F0E30484}.Debug|Any CPU.Build.0 = Debug|Any CPU
		{433C7018-43F8-4E92-8918-A891F0E30484}.Release|Any CPU.ActiveCfg = Release|Any CPU
		{433C7018-43F8-4E92-8918-A891F0E30484}.Release|Any CPU.Build.0 = Release|Any CPU
		{2417C830-493F-40E4-96A7-8D4D9F7C644E}.Debug|Any CPU.ActiveCfg = Debug|Any CPU
		{2417C830-493F-40E4-96A7-8D4D9F7C644E}.Debug|Any CPU.Build.0 = Debug|Any CPU
		{2417C830-493F-40E4-96A7-8D4D9F7C644E}.Release|Any CPU.ActiveCfg = Release|Any CPU
		{2417C830-493F-40E4-96A7-8D4D9F7C644E}.Release|Any CPU.Build.0 = Release|Any CPU
	EndGlobalSection
	GlobalSection(SolutionProperties) = preSolution
		HideSolutionNode = FALSE
	EndGlobalSection
	GlobalSection(ExtensibilityGlobals) = postSolution
		SolutionGuid = {EB1989ED-D413-49DD-BC6D-B805F7576EF6}
	EndGlobalSection
EndGlobal
